
Microsoft Visual Studio Solution File, Format Version 12.00
# Visual Studio Version 17
VisualStudioVersion = 17.8.34330.188
MinimumVisualStudioVersion = 10.0.40219.1
Project("{2150E333-8FDC-42A3-9474-1A3956D46DE8}") = "TrainingRound", "TrainingRound", "{C7F94C3B-2A09-42C9-AC66-E2ABDD70F2EE}"
EndProject
Project("{FAE04EC0-301F-11D3-BF4B-00C04F79EFBC}") = "Task_01", "TrainingRound\Task_01\Task_01.csproj", "{79114EAF-5F29-4D1F-9595-D6BCD68DAFB8}"
EndProject
Project("{FAE04EC0-301F-11D3-BF4B-00C04F79EFBC}") = "Task_02", "TrainingRound\Task_02\Task_02.csproj", "{9B054A5A-BC7F-4C61-84FB-EEAD6D05ED03}"
EndProject
Project("{FAE04EC0-301F-11D3-BF4B-00C04F79EFBC}") = "Task_03", "TrainingRound\Task_03\Task_03.csproj", "{12EBF837-2189-451A-8F50-B67B012510C7}"
EndProject
Project("{FAE04EC0-301F-11D3-BF4B-00C04F79EFBC}") = "Task_04", "TrainingRound\Task_04\Task_04.csproj", "{3C5E7B62-57C2-4EC0-80C7-E6C51C581E08}"
EndProject
Project("{FAE04EC0-301F-11D3-BF4B-00C04F79EFBC}") = "Task_05", "TrainingRound\Task_05\Task_05.csproj", "{1A0BCB6C-D589-4C9D-95A0-F2ACDD529ABA}"
EndProject
Project("{FAE04EC0-301F-11D3-BF4B-00C04F79EFBC}") = "Task_06", "TrainingRound\Task_06\Task_06.csproj", "{AC8C1335-DEDE-4DAA-8284-8E7B2A13F904}"
EndProject
Project("{FAE04EC0-301F-11D3-BF4B-00C04F79EFBC}") = "Task_07", "TrainingRound\Task_07\Task_07.csproj", "{9FE461AF-9647-40A9-8A14-017C46C64F18}"
EndProject
Project("{FAE04EC0-301F-11D3-BF4B-00C04F79EFBC}") = "Task_08", "TrainingRound\Task_08\Task_08.csproj", "{4D0C25C7-63CB-4D0B-8C28-11227B8BE497}"
EndProject
Project("{FAE04EC0-301F-11D3-BF4B-00C04F79EFBC}") = "Task_09", "TrainingRound\Task_09\Task_09.csproj", "{DEA9422C-CA0C-4F62-AFE9-FB730BA034C1}"
EndProject
Project("{FAE04EC0-301F-11D3-BF4B-00C04F79EFBC}") = "Task_10", "TrainingRound\Task_10\Task_10.csproj", "{8B3F4F3E-E13D-4BEE-BAC6-3D4392A93709}"
EndProject
Global
	GlobalSection(SolutionConfigurationPlatforms) = preSolution
		Debug|Any CPU = Debug|Any CPU
		Release|Any CPU = Release|Any CPU
	EndGlobalSection
	GlobalSection(ProjectConfigurationPlatforms) = postSolution
		{79114EAF-5F29-4D1F-9595-D6BCD68DAFB8}.Debug|Any CPU.ActiveCfg = Debug|Any CPU
		{79114EAF-5F29-4D1F-9595-D6BCD68DAFB8}.Debug|Any CPU.Build.0 = Debug|Any CPU
		{79114EAF-5F29-4D1F-9595-D6BCD68DAFB8}.Release|Any CPU.ActiveCfg = Release|Any CPU
		{79114EAF-5F29-4D1F-9595-D6BCD68DAFB8}.Release|Any CPU.Build.0 = Release|Any CPU
		{9B054A5A-BC7F-4C61-84FB-EEAD6D05ED03}.Debug|Any CPU.ActiveCfg = Debug|Any CPU
		{9B054A5A-BC7F-4C61-84FB-EEAD6D05ED03}.Debug|Any CPU.Build.0 = Debug|Any CPU
		{9B054A5A-BC7F-4C61-84FB-EEAD6D05ED03}.Release|Any CPU.ActiveCfg = Release|Any CPU
		{9B054A5A-BC7F-4C61-84FB-EEAD6D05ED03}.Release|Any CPU.Build.0 = Release|Any CPU
		{12EBF837-2189-451A-8F50-B67B012510C7}.Debug|Any CPU.ActiveCfg = Debug|Any CPU
		{12EBF837-2189-451A-8F50-B67B012510C7}.Debug|Any CPU.Build.0 = Debug|Any CPU
		{12EBF837-2189-451A-8F50-B67B012510C7}.Release|Any CPU.ActiveCfg = Release|Any CPU
		{12EBF837-2189-451A-8F50-B67B012510C7}.Release|Any CPU.Build.0 = Release|Any CPU
		{3C5E7B62-57C2-4EC0-80C7-E6C51C581E08}.Debug|Any CPU.ActiveCfg = Debug|Any CPU
		{3C5E7B62-57C2-4EC0-80C7-E6C51C581E08}.Debug|Any CPU.Build.0 = Debug|Any CPU
		{3C5E7B62-57C2-4EC0-80C7-E6C51C581E08}.Release|Any CPU.ActiveCfg = Release|Any CPU
		{3C5E7B62-57C2-4EC0-80C7-E6C51C581E08}.Release|Any CPU.Build.0 = Release|Any CPU
		{1A0BCB6C-D589-4C9D-95A0-F2ACDD529ABA}.Debug|Any CPU.ActiveCfg = Debug|Any CPU
		{1A0BCB6C-D589-4C9D-95A0-F2ACDD529ABA}.Debug|Any CPU.Build.0 = Debug|Any CPU
		{1A0BCB6C-D589-4C9D-95A0-F2ACDD529ABA}.Release|Any CPU.ActiveCfg = Release|Any CPU
		{1A0BCB6C-D589-4C9D-95A0-F2ACDD529ABA}.Release|Any CPU.Build.0 = Release|Any CPU
		{AC8C1335-DEDE-4DAA-8284-8E7B2A13F904}.Debug|Any CPU.ActiveCfg = Debug|Any CPU
		{AC8C1335-DEDE-4DAA-8284-8E7B2A13F904}.Debug|Any CPU.Build.0 = Debug|Any CPU
		{AC8C1335-DEDE-4DAA-8284-8E7B2A13F904}.Release|Any CPU.ActiveCfg = Release|Any CPU
		{AC8C1335-DEDE-4DAA-8284-8E7B2A13F904}.Release|Any CPU.Build.0 = Release|Any CPU
		{9FE461AF-9647-40A9-8A14-017C46C64F18}.Debug|Any CPU.ActiveCfg = Debug|Any CPU
		{9FE461AF-9647-40A9-8A14-017C46C64F18}.Debug|Any CPU.Build.0 = Debug|Any CPU
		{9FE461AF-9647-40A9-8A14-017C46C64F18}.Release|Any CPU.ActiveCfg = Release|Any CPU
		{9FE461AF-9647-40A9-8A14-017C46C64F18}.Release|Any CPU.Build.0 = Release|Any CPU
		{4D0C25C7-63CB-4D0B-8C28-11227B8BE497}.Debug|Any CPU.ActiveCfg = Debug|Any CPU
		{4D0C25C7-63CB-4D0B-8C28-11227B8BE497}.Debug|Any CPU.Build.0 = Debug|Any CPU
		{4D0C25C7-63CB-4D0B-8C28-11227B8BE497}.Release|Any CPU.ActiveCfg = Release|Any CPU
		{4D0C25C7-63CB-4D0B-8C28-11227B8BE497}.Release|Any CPU.Build.0 = Release|Any CPU
		{DEA9422C-CA0C-4F62-AFE9-FB730BA034C1}.Debug|Any CPU.ActiveCfg = Debug|Any CPU
		{DEA9422C-CA0C-4F62-AFE9-FB730BA034C1}.Debug|Any CPU.Build.0 = Debug|Any CPU
		{DEA9422C-CA0C-4F62-AFE9-FB730BA034C1}.Release|Any CPU.ActiveCfg = Release|Any CPU
		{DEA9422C-CA0C-4F62-AFE9-FB730BA034C1}.Release|Any CPU.Build.0 = Release|Any CPU
		{8B3F4F3E-E13D-4BEE-BAC6-3D4392A93709}.Debug|Any CPU.ActiveCfg = Debug|Any CPU
		{8B3F4F3E-E13D-4BEE-BAC6-3D4392A93709}.Debug|Any CPU.Build.0 = Debug|Any CPU
		{8B3F4F3E-E13D-4BEE-BAC6-3D4392A93709}.Release|Any CPU.ActiveCfg = Release|Any CPU
		{8B3F4F3E-E13D-4BEE-BAC6-3D4392A93709}.Release|Any CPU.Build.0 = Release|Any CPU
	EndGlobalSection
	GlobalSection(SolutionProperties) = preSolution
		HideSolutionNode = FALSE
	EndGlobalSection
	GlobalSection(NestedProjects) = preSolution
		{79114EAF-5F29-4D1F-9595-D6BCD68DAFB8} = {C7F94C3B-2A09-42C9-AC66-E2ABDD70F2EE}
		{9B054A5A-BC7F-4C61-84FB-EEAD6D05ED03} = {C7F94C3B-2A09-42C9-AC66-E2ABDD70F2EE}
		{12EBF837-2189-451A-8F50-B67B012510C7} = {C7F94C3B-2A09-42C9-AC66-E2ABDD70F2EE}
		{3C5E7B62-57C2-4EC0-80C7-E6C51C581E08} = {C7F94C3B-2A09-42C9-AC66-E2ABDD70F2EE}
		{1A0BCB6C-D589-4C9D-95A0-F2ACDD529ABA} = {C7F94C3B-2A09-42C9-AC66-E2ABDD70F2EE}
		{AC8C1335-DEDE-4DAA-8284-8E7B2A13F904} = {C7F94C3B-2A09-42C9-AC66-E2ABDD70F2EE}
		{9FE461AF-9647-40A9-8A14-017C46C64F18} = {C7F94C3B-2A09-42C9-AC66-E2ABDD70F2EE}
		{4D0C25C7-63CB-4D0B-8C28-11227B8BE497} = {C7F94C3B-2A09-42C9-AC66-E2ABDD70F2EE}
		{DEA9422C-CA0C-4F62-AFE9-FB730BA034C1} = {C7F94C3B-2A09-42C9-AC66-E2ABDD70F2EE}
		{8B3F4F3E-E13D-4BEE-BAC6-3D4392A93709} = {C7F94C3B-2A09-42C9-AC66-E2ABDD70F2EE}
	EndGlobalSection
	GlobalSection(ExtensibilityGlobals) = postSolution
		SolutionGuid = {36B35969-1F40-4B42-9ED2-60721348C966}
	EndGlobalSection
EndGlobal
